// !$*UTF8*$!
{
	archiveVersion = 1;
	classes = {
	};
	objectVersion = 50;
	objects = {

/* Begin PBXBuildFile section */
		7878942323BA1D280038BCBC /* AppDelegate.swift in Sources */ = {isa = PBXBuildFile; fileRef = 7878942223BA1D280038BCBC /* AppDelegate.swift */; };
		7878942523BA1D280038BCBC /* SceneDelegate.swift in Sources */ = {isa = PBXBuildFile; fileRef = 7878942423BA1D280038BCBC /* SceneDelegate.swift */; };
		7878942723BA1D280038BCBC /* ContentView.swift in Sources */ = {isa = PBXBuildFile; fileRef = 7878942623BA1D280038BCBC /* ContentView.swift */; };
		7878942923BA1D290038BCBC /* Assets.xcassets in Resources */ = {isa = PBXBuildFile; fileRef = 7878942823BA1D290038BCBC /* Assets.xcassets */; };
		7878942C23BA1D290038BCBC /* Preview Assets.xcassets in Resources */ = {isa = PBXBuildFile; fileRef = 7878942B23BA1D290038BCBC /* Preview Assets.xcassets */; };
		7878942F23BA1D290038BCBC /* LaunchScreen.storyboard in Resources */ = {isa = PBXBuildFile; fileRef = 7878942D23BA1D290038BCBC /* LaunchScreen.storyboard */; };
/* End PBXBuildFile section */

/* Begin PBXFileReference section */
		7878941F23BA1D280038BCBC /* hgh.app */ = {isa = PBXFileReference; explicitFileType = wrapper.application; includeInIndex = 0; path = hgh.app; sourceTree = BUILT_PRODUCTS_DIR; };
		7878942223BA1D280038BCBC /* AppDelegate.swift */ = {isa = PBXFileReference; lastKnownFileType = sourcecode.swift; path = AppDelegate.swift; sourceTree = "<group>"; };
		7878942423BA1D280038BCBC /* SceneDelegate.swift */ = {isa = PBXFileReference; lastKnownFileType = sourcecode.swift; path = SceneDelegate.swift; sourceTree = "<group>"; };
		7878942623BA1D280038BCBC /* ContentView.swift */ = {isa = PBXFileReference; lastKnownFileType = sourcecode.swift; path = ContentView.swift; sourceTree = "<group>"; };
		7878942823BA1D290038BCBC /* Assets.xcassets */ = {isa = PBXFileReference; lastKnownFileType = folder.assetcatalog; path = Assets.xcassets; sourceTree = "<group>"; };
		7878942B23BA1D290038BCBC /* Preview Assets.xcassets */ = {isa = PBXFileReference; lastKnownFileType = folder.assetcatalog; path = "Preview Assets.xcassets"; sourceTree = "<group>"; };
		7878942E23BA1D290038BCBC /* Base */ = {isa = PBXFileReference; lastKnownFileType = file.storyboard; name = Base; path = Base.lproj/LaunchScreen.storyboard; sourceTree = "<group>"; };
		7878943023BA1D290038BCBC /* Info.plist */ = {isa = PBXFileReference; lastKnownFileType = text.plist.xml; path = Info.plist; sourceTree = "<group>"; };
/* End PBXFileReference section */

/* Begin PBXFrameworksBuildPhase section */
		7878941C23BA1D280038BCBC /* Frameworks */ = {
			isa = PBXFrameworksBuildPhase;
			buildActionMask = 2147483647;
			files = (
			);
			runOnlyForDeploymentPostprocessing = 0;
		};
/* End PBXFrameworksBuildPhase section */

/* Begin PBXGroup section */
		7878941623BA1D280038BCBC = {
			isa = PBXGroup;
			children = (
				7878942123BA1D280038BCBC /* hgh */,
				7878942023BA1D280038BCBC /* Products */,
			);
			sourceTree = "<group>";
		};
		7878942023BA1D280038BCBC /* Products */ = {
			isa = PBXGroup;
			children = (
				7878941F23BA1D280038BCBC /* hgh.app */,
			);
			name = Products;
			sourceTree = "<group>";
		};
		7878942123BA1D280038BCBC /* hgh */ = {
			isa = PBXGroup;
			children = (
				7878942223BA1D280038BCBC /* AppDelegate.swift */,
				7878942423BA1D280038BCBC /* SceneDelegate.swift */,
				7878942623BA1D280038BCBC /* ContentView.swift */,
				7878942823BA1D290038BCBC /* Assets.xcassets */,
				7878942D23BA1D290038BCBC /* LaunchScreen.storyboard */,
				7878943023BA1D290038BCBC /* Info.plist */,
				7878942A23BA1D290038BCBC /* Preview Content */,
			);
			path = hgh;
			sourceTree = "<group>";
		};
		7878942A23BA1D290038BCBC /* Preview Content */ = {
			isa = PBXGroup;
			children = (
				7878942B23BA1D290038BCBC /* Preview Assets.xcassets */,
			);
			path = "Preview Content";
			sourceTree = "<group>";
		};
/* End PBXGroup section */

/* Begin PBXNativeTarget section */
		7878941E23BA1D280038BCBC /* hgh */ = {
			isa = PBXNativeTarget;
			buildConfigurationList = 7878943323BA1D290038BCBC /* Build configuration list for PBXNativeTarget "hgh" */;
			buildPhases = (
				7878941B23BA1D280038BCBC /* Sources */,
				7878941C23BA1D280038BCBC /* Frameworks */,
				7878941D23BA1D280038BCBC /* Resources */,
			);
			buildRules = (
			);
			dependencies = (
			);
			name = hgh;
			productName = hgh;
			productReference = 7878941F23BA1D280038BCBC /* hgh.app */;
			productType = "com.apple.product-type.application";
		};
/* End PBXNativeTarget section */

/* Begin PBXProject section */
		7878941723BA1D280038BCBC /* Project object */ = {
			isa = PBXProject;
			attributes = {
				LastSwiftUpdateCheck = 1130;
				LastUpgradeCheck = 1130;
				ORGANIZATIONNAME = "Alex Beattie";
				TargetAttributes = {
					7878941E23BA1D280038BCBC = {
						CreatedOnToolsVersion = 11.3;
					};
				};
			};
			buildConfigurationList = 7878941A23BA1D280038BCBC /* Build configuration list for PBXProject "hgh" */;
			compatibilityVersion = "Xcode 9.3";
			developmentRegion = en;
			hasScannedForEncodings = 0;
			knownRegions = (
				en,
				Base,
			);
			mainGroup = 7878941623BA1D280038BCBC;
			productRefGroup = 7878942023BA1D280038BCBC /* Products */;
			projectDirPath = "";
			projectRoot = "";
			targets = (
				7878941E23BA1D280038BCBC /* hgh */,
			);
		};
/* End PBXProject section */

/* Begin PBXResourcesBuildPhase section */
		7878941D23BA1D280038BCBC /* Resources */ = {
			isa = PBXResourcesBuildPhase;
			buildActionMask = 2147483647;
			files = (
				7878942F23BA1D290038BCBC /* LaunchScreen.storyboard in Resources */,
				7878942C23BA1D290038BCBC /* Preview Assets.xcassets in Resources */,
				7878942923BA1D290038BCBC /* Assets.xcassets in Resources */,
			);
			runOnlyForDeploymentPostprocessing = 0;
		};
/* End PBXResourcesBuildPhase section */

/* Begin PBXSourcesBuildPhase section */
		7878941B23BA1D280038BCBC /* Sources */ = {
			isa = PBXSourcesBuildPhase;
			buildActionMask = 2147483647;
			files = (
				7878942323BA1D280038BCBC /* AppDelegate.swift in Sources */,
				7878942523BA1D280038BCBC /* SceneDelegate.swift in Sources */,
				7878942723BA1D280038BCBC /* ContentView.swift in Sources */,
			);
			runOnlyForDeploymentPostprocessing = 0;
		};
/* End PBXSourcesBuildPhase section */

/* Begin PBXVariantGroup section */
		7878942D23BA1D290038BCBC /* LaunchScreen.storyboard */ = {
			isa = PBXVariantGroup;
			children = (
				7878942E23BA1D290038BCBC /* Base */,
			);
			name = LaunchScreen.storyboard;
			sourceTree = "<group>";
		};
/* End PBXVariantGroup section */

/* Begin XCBuildConfiguration section */
		7878943123BA1D290038BCBC /* Debug */ = {
			isa = XCBuildConfiguration;
			buildSettings = {
				ALWAYS_SEARCH_USER_PATHS = NO;
				CLANG_ANALYZER_NONNULL = YES;
				CLANG_ANALYZER_NUMBER_OBJECT_CONVERSION = YES_AGGRESSIVE;
				CLANG_CXX_LANGUAGE_STANDARD = "gnu++14";
				CLANG_CXX_LIBRARY = "libc++";
				CLANG_ENABLE_MODULES = YES;
				CLANG_ENABLE_OBJC_ARC = YES;
				CLANG_ENABLE_OBJC_WEAK = YES;
				CLANG_WARN_BLOCK_CAPTURE_AUTORELEASING = YES;
				CLANG_WARN_BOOL_CONVERSION = YES;
				CLANG_WARN_COMMA = YES;
				CLANG_WARN_CONSTANT_CONVERSION = YES;
				CLANG_WARN_DEPRECATED_OBJC_IMPLEMENTATIONS = YES;
				CLANG_WARN_DIRECT_OBJC_ISA_USAGE = YES_ERROR;
				CLANG_WARN_DOCUMENTATION_COMMENTS = YES;
				CLANG_WARN_EMPTY_BODY = YES;
				CLANG_WARN_ENUM_CONVERSION = YES;
				CLANG_WARN_INFINITE_RECURSION = YES;
				CLANG_WARN_INT_CONVERSION = YES;
				CLANG_WARN_NON_LITERAL_NULL_CONVERSION = YES;
				CLANG_WARN_OBJC_IMPLICIT_RETAIN_SELF = YES;
				CLANG_WARN_OBJC_LITERAL_CONVERSION = YES;
				CLANG_WARN_OBJC_ROOT_CLASS = YES_ERROR;
				CLANG_WARN_RANGE_LOOP_ANALYSIS = YES;
				CLANG_WARN_STRICT_PROTOTYPES = YES;
				CLANG_WARN_SUSPICIOUS_MOVE = YES;
				CLANG_WARN_UNGUARDED_AVAILABILITY = YES_AGGRESSIVE;
				CLANG_WARN_UNREACHABLE_CODE = YES;
				CLANG_WARN__DUPLICATE_METHOD_MATCH = YES;
				COPY_PHASE_STRIP = NO;
				DEBUG_INFORMATION_FORMAT = dwarf;
				ENABLE_STRICT_OBJC_MSGSEND = YES;
				ENABLE_TESTABILITY = YES;
				GCC_C_LANGUAGE_STANDARD = gnu11;
				GCC_DYNAMIC_NO_PIC = NO;
				GCC_NO_COMMON_BLOCKS = YES;
				GCC_OPTIMIZATION_LEVEL = 0;
				GCC_PREPROCESSOR_DEFINITIONS = (
					"DEBUG=1",
					"$(inherited)",
				);
				GCC_WARN_64_TO_32_BIT_CONVERSION = YES;
				GCC_WARN_ABOUT_RETURN_TYPE = YES_ERROR;
				GCC_WARN_UNDECLARED_SELECTOR = YES;
				GCC_WARN_UNINITIALIZED_AUTOS = YES_AGGRESSIVE;
				GCC_WARN_UNUSED_FUNCTION = YES;
				GCC_WARN_UNUSED_VARIABLE = YES;
				IPHONEOS_DEPLOYMENT_TARGET = 13.2;
				MTL_ENABLE_DEBUG_INFO = INCLUDE_SOURCE;
				MTL_FAST_MATH = YES;
				ONLY_ACTIVE_ARCH = YES;
				SDKROOT = iphoneos;
				SWIFT_ACTIVE_COMPILATION_CONDITIONS = DEBUG;
				SWIFT_OPTIMIZATION_LEVEL = "-Onone";
			};
			name = Debug;
		};
		7878943223BA1D290038BCBC /* Release */ = {
			isa = XCBuildConfiguration;
			buildSettings = {
				ALWAYS_SEARCH_USER_PATHS = NO;
				CLANG_ANALYZER_NONNULL = YES;
				CLANG_ANALYZER_NUMBER_OBJECT_CONVERSION = YES_AGGRESSIVE;
				CLANG_CXX_LANGUAGE_STANDARD = "gnu++14";
				CLANG_CXX_LIBRARY = "libc++";
				CLANG_ENABLE_MODULES = YES;
				CLANG_ENABLE_OBJC_ARC = YES;
				CLANG_ENABLE_OBJC_WEAK = YES;
				CLANG_WARN_BLOCK_CAPTURE_AUTORELEASING = YES;
				CLANG_WARN_BOOL_CONVERSION = YES;
				CLANG_WARN_COMMA = YES;
				CLANG_WARN_CONSTANT_CONVERSION = YES;
				CLANG_WARN_DEPRECATED_OBJC_IMPLEMENTATIONS = YES;
				CLANG_WARN_DIRECT_OBJC_ISA_USAGE = YES_ERROR;
				CLANG_WARN_DOCUMENTATION_COMMENTS = YES;
				CLANG_WARN_EMPTY_BODY = YES;
				CLANG_WARN_ENUM_CONVERSION = YES;
				CLANG_WARN_INFINITE_RECURSION = YES;
				CLANG_WARN_INT_CONVERSION = YES;
				CLANG_WARN_NON_LITERAL_NULL_CONVERSION = YES;
				CLANG_WARN_OBJC_IMPLICIT_RETAIN_SELF = YES;
				CLANG_WARN_OBJC_LITERAL_CONVERSION = YES;
				CLANG_WARN_OBJC_ROOT_CLASS = YES_ERROR;
				CLANG_WARN_RANGE_LOOP_ANALYSIS = YES;
				CLANG_WARN_STRICT_PROTOTYPES = YES;
				CLANG_WARN_SUSPICIOUS_MOVE = YES;
				CLANG_WARN_UNGUARDED_AVAILABILITY = YES_AGGRESSIVE;
				CLANG_WARN_UNREACHABLE_CODE = YES;
				CLANG_WARN__DUPLICATE_METHOD_MATCH = YES;
				COPY_PHASE_STRIP = NO;
				DEBUG_INFORMATION_FORMAT = "dwarf-with-dsym";
				ENABLE_NS_ASSERTIONS = NO;
				ENABLE_STRICT_OBJC_MSGSEND = YES;
				GCC_C_LANGUAGE_STANDARD = gnu11;
				GCC_NO_COMMON_BLOCKS = YES;
				GCC_WARN_64_TO_32_BIT_CONVERSION = YES;
				GCC_WARN_ABOUT_RETURN_TYPE = YES_ERROR;
				GCC_WARN_UNDECLARED_SELECTOR = YES;
				GCC_WARN_UNINITIALIZED_AUTOS = YES_AGGRESSIVE;
				GCC_WARN_UNUSED_FUNCTION = YES;
				GCC_WARN_UNUSED_VARIABLE = YES;
				IPHONEOS_DEPLOYMENT_TARGET = 13.2;
				MTL_ENABLE_DEBUG_INFO = NO;
				MTL_FAST_MATH = YES;
				SDKROOT = iphoneos;
				SWIFT_COMPILATION_MODE = wholemodule;
				SWIFT_OPTIMIZATION_LEVEL = "-O";
				VALIDATE_PRODUCT = YES;
			};
			name = Release;
		};
		7878943423BA1D290038BCBC /* Debug */ = {
			isa = XCBuildConfiguration;
			buildSettings = {
				ASSETCATALOG_COMPILER_APPICON_NAME = AppIcon;
				CODE_SIGN_STYLE = Automatic;
				DEVELOPMENT_ASSET_PATHS = "\"hgh/Preview Content\"";
				DEVELOPMENT_TEAM = LR4SP9C264;
				ENABLE_PREVIEWS = YES;
				INFOPLIST_FILE = hgh/Info.plist;
				LD_RUNPATH_SEARCH_PATHS = (
					"$(inherited)",
					"@executable_path/Frameworks",
				);
				PRODUCT_BUNDLE_IDENTIFIER = com.artisanbranding.hgh;
				PRODUCT_NAME = "$(TARGET_NAME)";
				SWIFT_VERSION = 5.0;
				TARGETED_DEVICE_FAMILY = "1,2";
			};
			name = Debug;
		};
		7878943523BA1D290038BCBC /* Release */ = {
			isa = XCBuildConfiguration;
			buildSettings = {
				ASSETCATALOG_COMPILER_APPICON_NAME = AppIcon;
				CODE_SIGN_STYLE = Automatic;
				DEVELOPMENT_ASSET_PATHS = "\"hgh/Preview Content\"";
				DEVELOPMENT_TEAM = LR4SP9C264;
				ENABLE_PREVIEWS = YES;
				INFOPLIST_FILE = hgh/Info.plist;
				LD_RUNPATH_SEARCH_PATHS = (
					"$(inherited)",
					"@executable_path/Frameworks",
				);
				PRODUCT_BUNDLE_IDENTIFIER = com.artisanbranding.hgh;
				PRODUCT_NAME = "$(TARGET_NAME)";
				SWIFT_VERSION = 5.0;
				TARGETED_DEVICE_FAMILY = "1,2";
			};
			name = Release;
		};
/* End XCBuildConfiguration section */

/* Begin XCConfigurationList section */
		7878941A23BA1D280038BCBC /* Build configuration list for PBXProject "hgh" */ = {
			isa = XCConfigurationList;
			buildConfigurations = (
				7878943123BA1D290038BCBC /* Debug */,
				7878943223BA1D290038BCBC /* Release */,
			);
			defaultConfigurationIsVisible = 0;
			defaultConfigurationName = Release;
		};
		7878943323BA1D290038BCBC /* Build configuration list for PBXNativeTarget "hgh" */ = {
			isa = XCConfigurationList;
			buildConfigurations = (
				7878943423BA1D290038BCBC /* Debug */,
				7878943523BA1D290038BCBC /* Release */,
			);
			defaultConfigurationIsVisible = 0;
			defaultConfigurationName = Release;
		};
/* End XCConfigurationList section */
	};
	rootObject = 7878941723BA1D280038BCBC /* Project object */;
}
